# This file is automatically @generated by Cargo.
# It is not intended for manual editing.
[[package]]
name = "micromath"
version = "1.1.1"
source = "registry+https://github.com/rust-lang/crates.io-index"
checksum = "bc4010833aea396656c2f91ee704d51a6f1329ec2ab56ffd00bfd56f7481ea94"

[[package]]
name = "rust"
version = "0.1.0"
dependencies = [
 "micromath",
]
