# This file is automatically @generated by Cargo.
# It is not intended for manual editing.
[[package]]
name = "micromath"
version = "2.0.0-pre"
source = "git+https://github.com/tarcieri/micromath?branch=main#65101ec3f475aeaa0800980f1bc689dcabd724e9"

[[package]]
name = "rust"
version = "0.1.0"
dependencies = [
 "micromath",
]
